
Microsoft Visual Studio Solution File, Format Version 12.00
# Visual Studio Version 16
VisualStudioVersion = 16.0.29728.190
MinimumVisualStudioVersion = 10.0.40219.1
Project("{FAE04EC0-301F-11D3-BF4B-00C04F79EFBC}") = "Task3", "Task3\Task3.csproj", "{E4A16312-B700-4A64-A7F6-29FF82AA7B72}"
EndProject
Global
	GlobalSection(SolutionConfigurationPlatforms) = preSolution
		Debug|Any CPU = Debug|Any CPU
		Release|Any CPU = Release|Any CPU
	EndGlobalSection
	GlobalSection(ProjectConfigurationPlatforms) = postSolution
		{E4A16312-B700-4A64-A7F6-29FF82AA7B72}.Debug|Any CPU.ActiveCfg = Debug|Any CPU
		{E4A16312-B700-4A64-A7F6-29FF82AA7B72}.Debug|Any CPU.Build.0 = Debug|Any CPU
		{E4A16312-B700-4A64-A7F6-29FF82AA7B72}.Release|Any CPU.ActiveCfg = Release|Any CPU
		{E4A16312-B700-4A64-A7F6-29FF82AA7B72}.Release|Any CPU.Build.0 = Release|Any CPU
	EndGlobalSection
	GlobalSection(SolutionProperties) = preSolution
		HideSolutionNode = FALSE
	EndGlobalSection
	GlobalSection(ExtensibilityGlobals) = postSolution
		SolutionGuid = {E2716AAA-4401-4204-B06E-A8F6DF09C10C}
	EndGlobalSection
EndGlobal
